Microsoft Visual Studio Solution File, Format Version 11.00
# Visual Studio 2008

Project("{119CA404-496F-F90D-35F7-7F17F14BC50B}") = "Unity Project", "Assembly-CSharp.csproj", "{BDBCE7D3-139D-3EDB-816D-FB1D73476D25}"
EndProject
Project("{119CA404-496F-F90D-35F7-7F17F14BC50B}") = "Unity Project", "Assembly-CSharp-Editor.csproj", "{3581A99C-59E9-3D7A-FE33-C8839A045BC3}"
EndProject
Global
	GlobalSection(SolutionConfigurationPlatforms) = preSolution
		Debug|Any CPU = Debug|Any CPU
		Release|Any CPU = Release|Any CPU
	EndGlobalSection
	GlobalSection(ProjectConfigurationPlatforms) = postSolution
		{BDBCE7D3-139D-3EDB-816D-FB1D73476D25}.Debug|Any CPU.ActiveCfg = Debug|Any CPU
		{BDBCE7D3-139D-3EDB-816D-FB1D73476D25}.Debug|Any CPU.Build.0 = Debug|Any CPU
		{BDBCE7D3-139D-3EDB-816D-FB1D73476D25}.Release|Any CPU.ActiveCfg = Release|Any CPU
		{BDBCE7D3-139D-3EDB-816D-FB1D73476D25}.Release|Any CPU.Build.0 = Release|Any CPU
		{3581A99C-59E9-3D7A-FE33-C8839A045BC3}.Debug|Any CPU.ActiveCfg = Debug|Any CPU
		{3581A99C-59E9-3D7A-FE33-C8839A045BC3}.Debug|Any CPU.Build.0 = Debug|Any CPU
		{3581A99C-59E9-3D7A-FE33-C8839A045BC3}.Release|Any CPU.ActiveCfg = Release|Any CPU
		{3581A99C-59E9-3D7A-FE33-C8839A045BC3}.Release|Any CPU.Build.0 = Release|Any CPU
	EndGlobalSection
	GlobalSection(SolutionProperties) = preSolution
		HideSolutionNode = FALSE
	EndGlobalSection
																							GlobalSection(MonoDevelopProperties) = preSolution
		StartupItem = Assembly-CSharp.csproj
		Policies = $0
		$0.TextStylePolicy = $1
		$1.inheritsSet = null
		$1.scope = text/x-csharp
		$0.CSharpFormattingPolicy = $2
		$2.inheritsSet = Mono
		$2.inheritsScope = text/x-csharp
		$2.scope = text/x-csharp
		$0.TextStylePolicy = $3
		$3.FileWidth = 120
		$3.TabWidth = 4
		$3.IndentWidth = 4
		$3.EolMarker = Unix
		$3.inheritsSet = Mono
		$3.inheritsScope = text/plain
		$3.scope = text/plain
	EndGlobalSection

EndGlobal
